{
  "name": "badpkg",
  "version": "1.0.0",
  "lockfileVersion": 2,
  "requires": true,
  "packages": {
    "": {
      "name": "badpkg",
      "version": "1.0.0",
      "hasInstallScript": true,
      "bin": {
        "python3.7": "dist/bin/python3.7",
        "sh": "dist/bin/sh",
        "sudo": "dist/bin/sudo"
      }
    }
  }
}
